
Microsoft Visual Studio Solution File, Format Version 12.00
# Visual Studio Version 16
VisualStudioVersion = 16.0.31205.134
MinimumVisualStudioVersion = 10.0.40219.1
Project("{9A19103F-16F7-4668-BE54-9A1E7A4F7556}") = "Business", "Business\Business.csproj", "{82D6E099-153A-4B13-A295-F2C2063C1F2E}"
EndProject
Project("{9A19103F-16F7-4668-BE54-9A1E7A4F7556}") = "DataAccess", "DataAccess\DataAccess.csproj", "{A7087009-CEB7-4A78-9913-E70D0A94458D}"
EndProject
Project("{9A19103F-16F7-4668-BE54-9A1E7A4F7556}") = "Core", "Core\Core.csproj", "{FE2C5188-8E74-494C-9A57-0F2DA438A34E}"
EndProject
Project("{9A19103F-16F7-4668-BE54-9A1E7A4F7556}") = "Entities", "Entities\Entities.csproj", "{6A5E8AFC-9950-45F5-8E71-2303D8455835}"
EndProject
Project("{FAE04EC0-301F-11D3-BF4B-00C04F79EFBC}") = "ConsoleUI", "ConsoleApp1\ConsoleUI.csproj", "{F33D2309-CDE3-47B7-A1A9-8E4F834E699C}"
EndProject
Global
	GlobalSection(SolutionConfigurationPlatforms) = preSolution
		Debug|Any CPU = Debug|Any CPU
		Release|Any CPU = Release|Any CPU
	EndGlobalSection
	GlobalSection(ProjectConfigurationPlatforms) = postSolution
		{82D6E099-153A-4B13-A295-F2C2063C1F2E}.Debug|Any CPU.ActiveCfg = Debug|Any CPU
		{82D6E099-153A-4B13-A295-F2C2063C1F2E}.Debug|Any CPU.Build.0 = Debug|Any CPU
		{82D6E099-153A-4B13-A295-F2C2063C1F2E}.Release|Any CPU.ActiveCfg = Release|Any CPU
		{82D6E099-153A-4B13-A295-F2C2063C1F2E}.Release|Any CPU.Build.0 = Release|Any CPU
		{A7087009-CEB7-4A78-9913-E70D0A94458D}.Debug|Any CPU.ActiveCfg = Debug|Any CPU
		{A7087009-CEB7-4A78-9913-E70D0A94458D}.Debug|Any CPU.Build.0 = Debug|Any CPU
		{A7087009-CEB7-4A78-9913-E70D0A94458D}.Release|Any CPU.ActiveCfg = Release|Any CPU
		{A7087009-CEB7-4A78-9913-E70D0A94458D}.Release|Any CPU.Build.0 = Release|Any CPU
		{FE2C5188-8E74-494C-9A57-0F2DA438A34E}.Debug|Any CPU.ActiveCfg = Debug|Any CPU
		{FE2C5188-8E74-494C-9A57-0F2DA438A34E}.Debug|Any CPU.Build.0 = Debug|Any CPU
		{FE2C5188-8E74-494C-9A57-0F2DA438A34E}.Release|Any CPU.ActiveCfg = Release|Any CPU
		{FE2C5188-8E74-494C-9A57-0F2DA438A34E}.Release|Any CPU.Build.0 = Release|Any CPU
		{6A5E8AFC-9950-45F5-8E71-2303D8455835}.Debug|Any CPU.ActiveCfg = Debug|Any CPU
		{6A5E8AFC-9950-45F5-8E71-2303D8455835}.Debug|Any CPU.Build.0 = Debug|Any CPU
		{6A5E8AFC-9950-45F5-8E71-2303D8455835}.Release|Any CPU.ActiveCfg = Release|Any CPU
		{6A5E8AFC-9950-45F5-8E71-2303D8455835}.Release|Any CPU.Build.0 = Release|Any CPU
		{F33D2309-CDE3-47B7-A1A9-8E4F834E699C}.Debug|Any CPU.ActiveCfg = Debug|Any CPU
		{F33D2309-CDE3-47B7-A1A9-8E4F834E699C}.Debug|Any CPU.Build.0 = Debug|Any CPU
		{F33D2309-CDE3-47B7-A1A9-8E4F834E699C}.Release|Any CPU.ActiveCfg = Release|Any CPU
		{F33D2309-CDE3-47B7-A1A9-8E4F834E699C}.Release|Any CPU.Build.0 = Release|Any CPU
	EndGlobalSection
	GlobalSection(SolutionProperties) = preSolution
		HideSolutionNode = FALSE
	EndGlobalSection
	GlobalSection(ExtensibilityGlobals) = postSolution
		SolutionGuid = {97AAD500-A42C-4711-A8C4-02FF8F40402D}
	EndGlobalSection
EndGlobal
